// !$*UTF8*$!
{
	archiveVersion = 1;
	classes = {
	};
	objectVersion = 77;
	objects = {

/* Begin PBXContainerItemProxy section */
		B27CDC132D8276AA0039E783 /* PBXContainerItemProxy */ = {
			isa = PBXContainerItemProxy;
			containerPortal = B27CDBF82D8276A80039E783 /* Project object */;
			proxyType = 1;
			remoteGlobalIDString = B27CDBFF2D8276A80039E783;
			remoteInfo = fw_note;
		};
		B27CDC1D2D8276AA0039E783 /* PBXContainerItemProxy */ = {
			isa = PBXContainerItemProxy;
			containerPortal = B27CDBF82D8276A80039E783 /* Project object */;
			proxyType = 1;
			remoteGlobalIDString = B27CDBFF2D8276A80039E783;
			remoteInfo = fw_note;
		};
/* End PBXContainerItemProxy section */

/* Begin PBXFileReference section */
		B27CDC002D8276A80039E783 /* fw_note.app */ = {isa = PBXFileReference; explicitFileType = wrapper.application; includeInIndex = 0; path = fw_note.app; sourceTree = BUILT_PRODUCTS_DIR; };
		B27CDC122D8276AA0039E783 /* fw_noteTests.xctest */ = {isa = PBXFileReference; explicitFileType = wrapper.cfbundle; includeInIndex = 0; path = fw_noteTests.xctest; sourceTree = BUILT_PRODUCTS_DIR; };
		B27CDC1C2D8276AA0039E783 /* fw_noteUITests.xctest */ = {isa = PBXFileReference; explicitFileType = wrapper.cfbundle; includeInIndex = 0; path = fw_noteUITests.xctest; sourceTree = BUILT_PRODUCTS_DIR; };
/* End PBXFileReference section */

/* Begin PBXFileSystemSynchronizedBuildFileExceptionSet section */
		B25CAA082D9163BC0024D14D /* Exceptions for "fw_note" folder in "fw_note" target */ = {
			isa = PBXFileSystemSynchronizedBuildFileExceptionSet;
			membershipExceptions = (
				Views/UIKit/MetalImageView/MetalImageView.metal,
			);
			target = B27CDBFF2D8276A80039E783 /* fw_note */;
		};
/* End PBXFileSystemSynchronizedBuildFileExceptionSet section */

/* Begin PBXFileSystemSynchronizedGroupBuildPhaseMembershipExceptionSet section */
		B25CAA0B2D91654A0024D14D /* Exceptions for "fw_note" folder in "Copy Bundle Resources" phase from "fw_note" target */ = {
			isa = PBXFileSystemSynchronizedGroupBuildPhaseMembershipExceptionSet;
			buildPhase = B27CDBFE2D8276A80039E783 /* Resources */;
			membershipExceptions = (
				Views/UIKit/MetalImageView/MetalImageView.metal,
			);
		};
/* End PBXFileSystemSynchronizedGroupBuildPhaseMembershipExceptionSet section */

/* Begin PBXFileSystemSynchronizedRootGroup section */
		B27CDC022D8276A80039E783 /* fw_note */ = {
			isa = PBXFileSystemSynchronizedRootGroup;
			exceptions = (
				B25CAA082D9163BC0024D14D /* Exceptions for "fw_note" folder in "fw_note" target */,
				B25CAA0B2D91654A0024D14D /* Exceptions for "fw_note" folder in "Copy Bundle Resources" phase from "fw_note" target */,
			);
			path = fw_note;
			sourceTree = "<group>";
		};
		B27CDC152D8276AA0039E783 /* fw_noteTests */ = {
			isa = PBXFileSystemSynchronizedRootGroup;
			path = fw_noteTests;
			sourceTree = "<group>";
		};
		B27CDC1F2D8276AA0039E783 /* fw_noteUITests */ = {
			isa = PBXFileSystemSynchronizedRootGroup;
			path = fw_noteUITests;
			sourceTree = "<group>";
		};
/* End PBXFileSystemSynchronizedRootGroup section */

/* Begin PBXFrameworksBuildPhase section */
		B27CDBFD2D8276A80039E783 /* Frameworks */ = {
			isa = PBXFrameworksBuildPhase;
			buildActionMask = 2147483647;
			files = (
			);
			runOnlyForDeploymentPostprocessing = 0;
		};
		B27CDC0F2D8276AA0039E783 /* Frameworks */ = {
			isa = PBXFrameworksBuildPhase;
			buildActionMask = 2147483647;
			files = (
			);
			runOnlyForDeploymentPostprocessing = 0;
		};
		B27CDC192D8276AA0039E783 /* Frameworks */ = {
			isa = PBXFrameworksBuildPhase;
			buildActionMask = 2147483647;
			files = (
			);
			runOnlyForDeploymentPostprocessing = 0;
		};
/* End PBXFrameworksBuildPhase section */

/* Begin PBXGroup section */
		B27CDBF72D8276A80039E783 = {
			isa = PBXGroup;
			children = (
				B27CDC022D8276A80039E783 /* fw_note */,
				B27CDC152D8276AA0039E783 /* fw_noteTests */,
				B27CDC1F2D8276AA0039E783 /* fw_noteUITests */,
				B27CDC012D8276A80039E783 /* Products */,
			);
			sourceTree = "<group>";
		};
		B27CDC012D8276A80039E783 /* Products */ = {
			isa = PBXGroup;
			children = (
				B27CDC002D8276A80039E783 /* fw_note.app */,
				B27CDC122D8276AA0039E783 /* fw_noteTests.xctest */,
				B27CDC1C2D8276AA0039E783 /* fw_noteUITests.xctest */,
			);
			name = Products;
			sourceTree = "<group>";
		};
/* End PBXGroup section */

/* Begin PBXNativeTarget section */
		B27CDBFF2D8276A80039E783 /* fw_note */ = {
			isa = PBXNativeTarget;
			buildConfigurationList = B27CDC262D8276AA0039E783 /* Build configuration list for PBXNativeTarget "fw_note" */;
			buildPhases = (
				B27CDBFC2D8276A80039E783 /* Sources */,
				B27CDBFD2D8276A80039E783 /* Frameworks */,
				B27CDBFE2D8276A80039E783 /* Resources */,
			);
			buildRules = (
			);
			dependencies = (
			);
			fileSystemSynchronizedGroups = (
				B27CDC022D8276A80039E783 /* fw_note */,
			);
			name = fw_note;
			packageProductDependencies = (
			);
			productName = fw_note;
			productReference = B27CDC002D8276A80039E783 /* fw_note.app */;
			productType = "com.apple.product-type.application";
		};
		B27CDC112D8276AA0039E783 /* fw_noteTests */ = {
			isa = PBXNativeTarget;
			buildConfigurationList = B27CDC292D8276AA0039E783 /* Build configuration list for PBXNativeTarget "fw_noteTests" */;
			buildPhases = (
				B27CDC0E2D8276AA0039E783 /* Sources */,
				B27CDC0F2D8276AA0039E783 /* Frameworks */,
				B27CDC102D8276AA0039E783 /* Resources */,
			);
			buildRules = (
			);
			dependencies = (
				B27CDC142D8276AA0039E783 /* PBXTargetDependency */,
			);
			fileSystemSynchronizedGroups = (
				B27CDC152D8276AA0039E783 /* fw_noteTests */,
			);
			name = fw_noteTests;
			packageProductDependencies = (
			);
			productName = fw_noteTests;
			productReference = B27CDC122D8276AA0039E783 /* fw_noteTests.xctest */;
			productType = "com.apple.product-type.bundle.unit-test";
		};
		B27CDC1B2D8276AA0039E783 /* fw_noteUITests */ = {
			isa = PBXNativeTarget;
			buildConfigurationList = B27CDC2C2D8276AA0039E783 /* Build configuration list for PBXNativeTarget "fw_noteUITests" */;
			buildPhases = (
				B27CDC182D8276AA0039E783 /* Sources */,
				B27CDC192D8276AA0039E783 /* Frameworks */,
				B27CDC1A2D8276AA0039E783 /* Resources */,
			);
			buildRules = (
			);
			dependencies = (
				B27CDC1E2D8276AA0039E783 /* PBXTargetDependency */,
			);
			fileSystemSynchronizedGroups = (
				B27CDC1F2D8276AA0039E783 /* fw_noteUITests */,
			);
			name = fw_noteUITests;
			packageProductDependencies = (
			);
			productName = fw_noteUITests;
			productReference = B27CDC1C2D8276AA0039E783 /* fw_noteUITests.xctest */;
			productType = "com.apple.product-type.bundle.ui-testing";
		};
/* End PBXNativeTarget section */

/* Begin PBXProject section */
		B27CDBF82D8276A80039E783 /* Project object */ = {
			isa = PBXProject;
			attributes = {
				BuildIndependentTargetsInParallel = 1;
				LastSwiftUpdateCheck = 1620;
				LastUpgradeCheck = 1620;
				TargetAttributes = {
					B27CDBFF2D8276A80039E783 = {
						CreatedOnToolsVersion = 16.2;
					};
					B27CDC112D8276AA0039E783 = {
						CreatedOnToolsVersion = 16.2;
						TestTargetID = B27CDBFF2D8276A80039E783;
					};
					B27CDC1B2D8276AA0039E783 = {
						CreatedOnToolsVersion = 16.2;
						TestTargetID = B27CDBFF2D8276A80039E783;
					};
				};
			};
			buildConfigurationList = B27CDBFB2D8276A80039E783 /* Build configuration list for PBXProject "fw_note" */;
			developmentRegion = en;
			hasScannedForEncodings = 0;
			knownRegions = (
				en,
				Base,
			);
			mainGroup = B27CDBF72D8276A80039E783;
			minimizedProjectReferenceProxies = 1;
			preferredProjectObjectVersion = 77;
			productRefGroup = B27CDC012D8276A80039E783 /* Products */;
			projectDirPath = "";
			projectRoot = "";
			targets = (
				B27CDBFF2D8276A80039E783 /* fw_note */,
				B27CDC112D8276AA0039E783 /* fw_noteTests */,
				B27CDC1B2D8276AA0039E783 /* fw_noteUITests */,
			);
		};
/* End PBXProject section */

/* Begin PBXResourcesBuildPhase section */
		B27CDBFE2D8276A80039E783 /* Resources */ = {
			isa = PBXResourcesBuildPhase;
			buildActionMask = 2147483647;
			files = (
			);
			runOnlyForDeploymentPostprocessing = 0;
		};
		B27CDC102D8276AA0039E783 /* Resources */ = {
			isa = PBXResourcesBuildPhase;
			buildActionMask = 2147483647;
			files = (
			);
			runOnlyForDeploymentPostprocessing = 0;
		};
		B27CDC1A2D8276AA0039E783 /* Resources */ = {
			isa = PBXResourcesBuildPhase;
			buildActionMask = 2147483647;
			files = (
			);
			runOnlyForDeploymentPostprocessing = 0;
		};
/* End PBXResourcesBuildPhase section */

/* Begin PBXSourcesBuildPhase section */
		B27CDBFC2D8276A80039E783 /* Sources */ = {
			isa = PBXSourcesBuildPhase;
			buildActionMask = 2147483647;
			files = (
			);
			runOnlyForDeploymentPostprocessing = 0;
		};
		B27CDC0E2D8276AA0039E783 /* Sources */ = {
			isa = PBXSourcesBuildPhase;
			buildActionMask = 2147483647;
			files = (
			);
			runOnlyForDeploymentPostprocessing = 0;
		};
		B27CDC182D8276AA0039E783 /* Sources */ = {
			isa = PBXSourcesBuildPhase;
			buildActionMask = 2147483647;
			files = (
			);
			runOnlyForDeploymentPostprocessing = 0;
		};
/* End PBXSourcesBuildPhase section */

/* Begin PBXTargetDependency section */
		B27CDC142D8276AA0039E783 /* PBXTargetDependency */ = {
			isa = PBXTargetDependency;
			target = B27CDBFF2D8276A80039E783 /* fw_note */;
			targetProxy = B27CDC132D8276AA0039E783 /* PBXContainerItemProxy */;
		};
		B27CDC1E2D8276AA0039E783 /* PBXTargetDependency */ = {
			isa = PBXTargetDependency;
			target = B27CDBFF2D8276A80039E783 /* fw_note */;
			targetProxy = B27CDC1D2D8276AA0039E783 /* PBXContainerItemProxy */;
		};
/* End PBXTargetDependency section */

/* Begin XCBuildConfiguration section */
		B27CDC242D8276AA0039E783 /* Debug */ = {
			isa = XCBuildConfiguration;
			buildSettings = {
				ALWAYS_SEARCH_USER_PATHS = NO;
				ASSETCATALOG_COMPILER_GENERATE_SWIFT_ASSET_SYMBOL_EXTENSIONS = YES;
				CLANG_ANALYZER_NONNULL = YES;
				CLANG_ANALYZER_NUMBER_OBJECT_CONVERSION = YES_AGGRESSIVE;
				CLANG_CXX_LANGUAGE_STANDARD = "gnu++20";
				CLANG_ENABLE_MODULES = YES;
				CLANG_ENABLE_OBJC_ARC = YES;
				CLANG_ENABLE_OBJC_WEAK = YES;
				CLANG_WARN_BLOCK_CAPTURE_AUTORELEASING = YES;
				CLANG_WARN_BOOL_CONVERSION = YES;
				CLANG_WARN_COMMA = YES;
				CLANG_WARN_CONSTANT_CONVERSION = YES;
				CLANG_WARN_DEPRECATED_OBJC_IMPLEMENTATIONS = YES;
				CLANG_WARN_DIRECT_OBJC_ISA_USAGE = YES_ERROR;
				CLANG_WARN_DOCUMENTATION_COMMENTS = YES;
				CLANG_WARN_EMPTY_BODY = YES;
				CLANG_WARN_ENUM_CONVERSION = YES;
				CLANG_WARN_INFINITE_RECURSION = YES;
				CLANG_WARN_INT_CONVERSION = YES;
				CLANG_WARN_NON_LITERAL_NULL_CONVERSION = YES;
				CLANG_WARN_OBJC_IMPLICIT_RETAIN_SELF = YES;
				CLANG_WARN_OBJC_LITERAL_CONVERSION = YES;
				CLANG_WARN_OBJC_ROOT_CLASS = YES_ERROR;
				CLANG_WARN_QUOTED_INCLUDE_IN_FRAMEWORK_HEADER = YES;
				CLANG_WARN_RANGE_LOOP_ANALYSIS = YES;
				CLANG_WARN_STRICT_PROTOTYPES = YES;
				CLANG_WARN_SUSPICIOUS_MOVE = YES;
				CLANG_WARN_UNGUARDED_AVAILABILITY = YES_AGGRESSIVE;
				CLANG_WARN_UNREACHABLE_CODE = YES;
				CLANG_WARN__DUPLICATE_METHOD_MATCH = YES;
				COPY_PHASE_STRIP = NO;
				DEBUG_INFORMATION_FORMAT = dwarf;
				ENABLE_STRICT_OBJC_MSGSEND = YES;
				ENABLE_TESTABILITY = YES;
				ENABLE_USER_SCRIPT_SANDBOXING = YES;
				GCC_C_LANGUAGE_STANDARD = gnu17;
				GCC_DYNAMIC_NO_PIC = NO;
				GCC_NO_COMMON_BLOCKS = YES;
				GCC_OPTIMIZATION_LEVEL = 0;
				GCC_PREPROCESSOR_DEFINITIONS = (
					"DEBUG=1",
					"$(inherited)",
				);
				GCC_WARN_64_TO_32_BIT_CONVERSION = YES;
				GCC_WARN_ABOUT_RETURN_TYPE = YES_ERROR;
				GCC_WARN_UNDECLARED_SELECTOR = YES;
				GCC_WARN_UNINITIALIZED_AUTOS = YES_AGGRESSIVE;
				GCC_WARN_UNUSED_FUNCTION = YES;
				GCC_WARN_UNUSED_VARIABLE = YES;
				INFOPLIST_KEY_UIUserInterfaceStyle = Light;
				IPHONEOS_DEPLOYMENT_TARGET = 18.2;
				LOCALIZATION_PREFERS_STRING_CATALOGS = YES;
				MTL_ENABLE_DEBUG_INFO = INCLUDE_SOURCE;
				MTL_FAST_MATH = YES;
				ONLY_ACTIVE_ARCH = YES;
				SDKROOT = iphoneos;
				SWIFT_ACTIVE_COMPILATION_CONDITIONS = "DEBUG $(inherited)";
				SWIFT_OPTIMIZATION_LEVEL = "-Onone";
			};
			name = Debug;
		};
		B27CDC252D8276AA0039E783 /* Release */ = {
			isa = XCBuildConfiguration;
			buildSettings = {
				ALWAYS_SEARCH_USER_PATHS = NO;
				ASSETCATALOG_COMPILER_GENERATE_SWIFT_ASSET_SYMBOL_EXTENSIONS = YES;
				CLANG_ANALYZER_NONNULL = YES;
				CLANG_ANALYZER_NUMBER_OBJECT_CONVERSION = YES_AGGRESSIVE;
				CLANG_CXX_LANGUAGE_STANDARD = "gnu++20";
				CLANG_ENABLE_MODULES = YES;
				CLANG_ENABLE_OBJC_ARC = YES;
				CLANG_ENABLE_OBJC_WEAK = YES;
				CLANG_WARN_BLOCK_CAPTURE_AUTORELEASING = YES;
				CLANG_WARN_BOOL_CONVERSION = YES;
				CLANG_WARN_COMMA = YES;
				CLANG_WARN_CONSTANT_CONVERSION = YES;
				CLANG_WARN_DEPRECATED_OBJC_IMPLEMENTATIONS = YES;
				CLANG_WARN_DIRECT_OBJC_ISA_USAGE = YES_ERROR;
				CLANG_WARN_DOCUMENTATION_COMMENTS = YES;
				CLANG_WARN_EMPTY_BODY = YES;
				CLANG_WARN_ENUM_CONVERSION = YES;
				CLANG_WARN_INFINITE_RECURSION = YES;
				CLANG_WARN_INT_CONVERSION = YES;
				CLANG_WARN_NON_LITERAL_NULL_CONVERSION = YES;
				CLANG_WARN_OBJC_IMPLICIT_RETAIN_SELF = YES;
				CLANG_WARN_OBJC_LITERAL_CONVERSION = YES;
				CLANG_WARN_OBJC_ROOT_CLASS = YES_ERROR;
				CLANG_WARN_QUOTED_INCLUDE_IN_FRAMEWORK_HEADER = YES;
				CLANG_WARN_RANGE_LOOP_ANALYSIS = YES;
				CLANG_WARN_STRICT_PROTOTYPES = YES;
				CLANG_WARN_SUSPICIOUS_MOVE = YES;
				CLANG_WARN_UNGUARDED_AVAILABILITY = YES_AGGRESSIVE;
				CLANG_WARN_UNREACHABLE_CODE = YES;
				CLANG_WARN__DUPLICATE_METHOD_MATCH = YES;
				COPY_PHASE_STRIP = NO;
				DEBUG_INFORMATION_FORMAT = "dwarf-with-dsym";
				ENABLE_NS_ASSERTIONS = NO;
				ENABLE_STRICT_OBJC_MSGSEND = YES;
				ENABLE_USER_SCRIPT_SANDBOXING = YES;
				GCC_C_LANGUAGE_STANDARD = gnu17;
				GCC_NO_COMMON_BLOCKS = YES;
				GCC_WARN_64_TO_32_BIT_CONVERSION = YES;
				GCC_WARN_ABOUT_RETURN_TYPE = YES_ERROR;
				GCC_WARN_UNDECLARED_SELECTOR = YES;
				GCC_WARN_UNINITIALIZED_AUTOS = YES_AGGRESSIVE;
				GCC_WARN_UNUSED_FUNCTION = YES;
				GCC_WARN_UNUSED_VARIABLE = YES;
				INFOPLIST_KEY_UIUserInterfaceStyle = Light;
				IPHONEOS_DEPLOYMENT_TARGET = 18.2;
				LOCALIZATION_PREFERS_STRING_CATALOGS = YES;
				MTL_ENABLE_DEBUG_INFO = NO;
				MTL_FAST_MATH = YES;
				SDKROOT = iphoneos;
				SWIFT_COMPILATION_MODE = wholemodule;
				VALIDATE_PRODUCT = YES;
			};
			name = Release;
		};
		B27CDC272D8276AA0039E783 /* Debug */ = {
			isa = XCBuildConfiguration;
			buildSettings = {
				ASSETCATALOG_COMPILER_APPICON_NAME = AppIcon;
				ASSETCATALOG_COMPILER_GLOBAL_ACCENT_COLOR_NAME = AccentColor;
				CODE_SIGN_STYLE = Automatic;
				CURRENT_PROJECT_VERSION = 1;
				DEVELOPMENT_ASSET_PATHS = "\"fw_note/Preview Content\"";
				DEVELOPMENT_TEAM = Y55QTKM2Q6;
				ENABLE_PREVIEWS = YES;
				GENERATE_INFOPLIST_FILE = YES;
				INFOPLIST_FILE = "fw-note-Info.plist";
				INFOPLIST_KEY_LSSupportsOpeningDocumentsInPlace = YES;
				INFOPLIST_KEY_NSCameraUsageDescription = "This app requires access to your Camera to allow you to select and save images within your notes.";
				INFOPLIST_KEY_NSPhotoLibraryUsageDescription = "This app requires access to your Photo Library to allow you to select and save images within your notes.";
				INFOPLIST_KEY_UIApplicationSceneManifest_Generation = YES;
				INFOPLIST_KEY_UIApplicationSupportsIndirectInputEvents = YES;
				INFOPLIST_KEY_UILaunchScreen_Generation = YES;
				INFOPLIST_KEY_UISupportedInterfaceOrientations_iPad = "UIInterfaceOrientationPortrait UIInterfaceOrientationPortraitUpsideDown UIInterfaceOrientationLandscapeLeft UIInterfaceOrientationLandscapeRight";
				INFOPLIST_KEY_UISupportedInterfaceOrientations_iPhone = "UIInterfaceOrientationPortrait UIInterfaceOrientationLandscapeLeft UIInterfaceOrientationLandscapeRight";
				INFOPLIST_KEY_UIUserInterfaceStyle = Light;
				IPHONEOS_DEPLOYMENT_TARGET = 15;
				LD_RUNPATH_SEARCH_PATHS = (
					"$(inherited)",
					"@executable_path/Frameworks",
				);
				MARKETING_VERSION = 1.0;
				PRODUCT_BUNDLE_IDENTIFIER = "com.fw.plus.fw-note";
				PRODUCT_NAME = "$(TARGET_NAME)";
				SWIFT_EMIT_LOC_STRINGS = YES;
				SWIFT_VERSION = 5.0;
				TARGETED_DEVICE_FAMILY = "1,2";
			};
			name = Debug;
		};
		B27CDC282D8276AA0039E783 /* Release */ = {
			isa = XCBuildConfiguration;
			buildSettings = {
				ASSETCATALOG_COMPILER_APPICON_NAME = AppIcon;
				ASSETCATALOG_COMPILER_GLOBAL_ACCENT_COLOR_NAME = AccentColor;
				CODE_SIGN_STYLE = Automatic;
				CURRENT_PROJECT_VERSION = 1;
				DEVELOPMENT_ASSET_PATHS = "\"fw_note/Preview Content\"";
				DEVELOPMENT_TEAM = Y55QTKM2Q6;
				ENABLE_PREVIEWS = YES;
				GENERATE_INFOPLIST_FILE = YES;
				INFOPLIST_FILE = "fw-note-Info.plist";
				INFOPLIST_KEY_LSSupportsOpeningDocumentsInPlace = YES;
				INFOPLIST_KEY_NSCameraUsageDescription = "This app requires access to your Camera to allow you to select and save images within your notes.";
				INFOPLIST_KEY_NSPhotoLibraryUsageDescription = "This app requires access to your Photo Library to allow you to select and save images within your notes.";
				INFOPLIST_KEY_UIApplicationSceneManifest_Generation = YES;
				INFOPLIST_KEY_UIApplicationSupportsIndirectInputEvents = YES;
				INFOPLIST_KEY_UILaunchScreen_Generation = YES;
				INFOPLIST_KEY_UISupportedInterfaceOrientations_iPad = "UIInterfaceOrientationPortrait UIInterfaceOrientationPortraitUpsideDown UIInterfaceOrientationLandscapeLeft UIInterfaceOrientationLandscapeRight";
				INFOPLIST_KEY_UISupportedInterfaceOrientations_iPhone = "UIInterfaceOrientationPortrait UIInterfaceOrientationLandscapeLeft UIInterfaceOrientationLandscapeRight";
				INFOPLIST_KEY_UIUserInterfaceStyle = Light;
				IPHONEOS_DEPLOYMENT_TARGET = 15;
				LD_RUNPATH_SEARCH_PATHS = (
					"$(inherited)",
					"@executable_path/Frameworks",
				);
				MARKETING_VERSION = 1.0;
				PRODUCT_BUNDLE_IDENTIFIER = "com.fw.plus.fw-note";
				PRODUCT_NAME = "$(TARGET_NAME)";
				SWIFT_EMIT_LOC_STRINGS = YES;
				SWIFT_VERSION = 5.0;
				TARGETED_DEVICE_FAMILY = "1,2";
			};
			name = Release;
		};
		B27CDC2A2D8276AA0039E783 /* Debug */ = {
			isa = XCBuildConfiguration;
			buildSettings = {
				BUNDLE_LOADER = "$(TEST_HOST)";
				CODE_SIGN_STYLE = Automatic;
				CURRENT_PROJECT_VERSION = 1;
				GENERATE_INFOPLIST_FILE = YES;
				IPHONEOS_DEPLOYMENT_TARGET = 18.2;
				MARKETING_VERSION = 1.0;
				PRODUCT_BUNDLE_IDENTIFIER = "com.fw.plus.fw-noteTests";
				PRODUCT_NAME = "$(TARGET_NAME)";
				SWIFT_EMIT_LOC_STRINGS = NO;
				SWIFT_VERSION = 5.0;
				TARGETED_DEVICE_FAMILY = "1,2";
				TEST_HOST = "$(BUILT_PRODUCTS_DIR)/fw_note.app/$(BUNDLE_EXECUTABLE_FOLDER_PATH)/fw_note";
			};
			name = Debug;
		};
		B27CDC2B2D8276AA0039E783 /* Release */ = {
			isa = XCBuildConfiguration;
			buildSettings = {
				BUNDLE_LOADER = "$(TEST_HOST)";
				CODE_SIGN_STYLE = Automatic;
				CURRENT_PROJECT_VERSION = 1;
				GENERATE_INFOPLIST_FILE = YES;
				IPHONEOS_DEPLOYMENT_TARGET = 18.2;
				MARKETING_VERSION = 1.0;
				PRODUCT_BUNDLE_IDENTIFIER = "com.fw.plus.fw-noteTests";
				PRODUCT_NAME = "$(TARGET_NAME)";
				SWIFT_EMIT_LOC_STRINGS = NO;
				SWIFT_VERSION = 5.0;
				TARGETED_DEVICE_FAMILY = "1,2";
				TEST_HOST = "$(BUILT_PRODUCTS_DIR)/fw_note.app/$(BUNDLE_EXECUTABLE_FOLDER_PATH)/fw_note";
			};
			name = Release;
		};
		B27CDC2D2D8276AA0039E783 /* Debug */ = {
			isa = XCBuildConfiguration;
			buildSettings = {
				CODE_SIGN_STYLE = Automatic;
				CURRENT_PROJECT_VERSION = 1;
				GENERATE_INFOPLIST_FILE = YES;
				MARKETING_VERSION = 1.0;
				PRODUCT_BUNDLE_IDENTIFIER = "com.fw.plus.fw-noteUITests";
				PRODUCT_NAME = "$(TARGET_NAME)";
				SWIFT_EMIT_LOC_STRINGS = NO;
				SWIFT_VERSION = 5.0;
				TARGETED_DEVICE_FAMILY = "1,2";
				TEST_TARGET_NAME = fw_note;
			};
			name = Debug;
		};
		B27CDC2E2D8276AA0039E783 /* Release */ = {
			isa = XCBuildConfiguration;
			buildSettings = {
				CODE_SIGN_STYLE = Automatic;
				CURRENT_PROJECT_VERSION = 1;
				GENERATE_INFOPLIST_FILE = YES;
				MARKETING_VERSION = 1.0;
				PRODUCT_BUNDLE_IDENTIFIER = "com.fw.plus.fw-noteUITests";
				PRODUCT_NAME = "$(TARGET_NAME)";
				SWIFT_EMIT_LOC_STRINGS = NO;
				SWIFT_VERSION = 5.0;
				TARGETED_DEVICE_FAMILY = "1,2";
				TEST_TARGET_NAME = fw_note;
			};
			name = Release;
		};
/* End XCBuildConfiguration section */

/* Begin XCConfigurationList section */
		B27CDBFB2D8276A80039E783 /* Build configuration list for PBXProject "fw_note" */ = {
			isa = XCConfigurationList;
			buildConfigurations = (
				B27CDC242D8276AA0039E783 /* Debug */,
				B27CDC252D8276AA0039E783 /* Release */,
			);
			defaultConfigurationIsVisible = 0;
			defaultConfigurationName = Release;
		};
		B27CDC262D8276AA0039E783 /* Build configuration list for PBXNativeTarget "fw_note" */ = {
			isa = XCConfigurationList;
			buildConfigurations = (
				B27CDC272D8276AA0039E783 /* Debug */,
				B27CDC282D8276AA0039E783 /* Release */,
			);
			defaultConfigurationIsVisible = 0;
			defaultConfigurationName = Release;
		};
		B27CDC292D8276AA0039E783 /* Build configuration list for PBXNativeTarget "fw_noteTests" */ = {
			isa = XCConfigurationList;
			buildConfigurations = (
				B27CDC2A2D8276AA0039E783 /* Debug */,
				B27CDC2B2D8276AA0039E783 /* Release */,
			);
			defaultConfigurationIsVisible = 0;
			defaultConfigurationName = Release;
		};
		B27CDC2C2D8276AA0039E783 /* Build configuration list for PBXNativeTarget "fw_noteUITests" */ = {
			isa = XCConfigurationList;
			buildConfigurations = (
				B27CDC2D2D8276AA0039E783 /* Debug */,
				B27CDC2E2D8276AA0039E783 /* Release */,
			);
			defaultConfigurationIsVisible = 0;
			defaultConfigurationName = Release;
		};
/* End XCConfigurationList section */
	};
	rootObject = B27CDBF82D8276A80039E783 /* Project object */;
}
